
Microsoft Visual Studio Solution File, Format Version 12.00
Project("{FAE04EC0-301F-11D3-BF4B-00C04F79EFBC}") = "SeamlessLaunchpad", "SeamlessLaunchpad\SeamlessLaunchpad.csproj", "{A1EEA0A3-D789-4D03-BB01-1560E404BFCF}"
EndProject
Global
	GlobalSection(SolutionConfigurationPlatforms) = preSolution
		Debug|Any CPU = Debug|Any CPU
		Release|Any CPU = Release|Any CPU
	EndGlobalSection
	GlobalSection(ProjectConfigurationPlatforms) = postSolution
		{A1EEA0A3-D789-4D03-BB01-1560E404BFCF}.Debug|Any CPU.ActiveCfg = Debug|Any CPU
		{A1EEA0A3-D789-4D03-BB01-1560E404BFCF}.Debug|Any CPU.Build.0 = Debug|Any CPU
		{A1EEA0A3-D789-4D03-BB01-1560E404BFCF}.Release|Any CPU.ActiveCfg = Release|Any CPU
		{A1EEA0A3-D789-4D03-BB01-1560E404BFCF}.Release|Any CPU.Build.0 = Release|Any CPU
	EndGlobalSection
EndGlobal
